
Microsoft Visual Studio Solution File, Format Version 12.00
# Visual Studio 15
VisualStudioVersion = 15.0.28307.168
MinimumVisualStudioVersion = 10.0.40219.1
Project("{FAE04EC0-301F-11D3-BF4B-00C04F79EFBC}") = "AgwXyLeader", "AgwXyLeader\AgwXyLeader.csproj", "{30FED2AC-1D51-4609-BA2F-2F6CF9FECB2D}"
EndProject
Global
	GlobalSection(SolutionConfigurationPlatforms) = preSolution
		Debug|Any CPU = Debug|Any CPU
		Release|Any CPU = Release|Any CPU
	EndGlobalSection
	GlobalSection(ProjectConfigurationPlatforms) = postSolution
		{30FED2AC-1D51-4609-BA2F-2F6CF9FECB2D}.Debug|Any CPU.ActiveCfg = Debug|Any CPU
		{30FED2AC-1D51-4609-BA2F-2F6CF9FECB2D}.Debug|Any CPU.Build.0 = Debug|Any CPU
		{30FED2AC-1D51-4609-BA2F-2F6CF9FECB2D}.Release|Any CPU.ActiveCfg = Release|Any CPU
		{30FED2AC-1D51-4609-BA2F-2F6CF9FECB2D}.Release|Any CPU.Build.0 = Release|Any CPU
	EndGlobalSection
	GlobalSection(SolutionProperties) = preSolution
		HideSolutionNode = FALSE
	EndGlobalSection
	GlobalSection(ExtensibilityGlobals) = postSolution
		SolutionGuid = {73074507-0A02-4FE9-B559-C579BEC70BF1}
	EndGlobalSection
EndGlobal
